
Microsoft Visual Studio Solution File, Format Version 12.00
# Visual Studio Version 17
VisualStudioVersion = 17.10.34928.147
MinimumVisualStudioVersion = 10.0.40219.1
Project("{9A19103F-16F7-4668-BE54-9A1E7A4F7556}") = "admin_panel_razor", "admin_panel_razor\admin_panel_razor.csproj", "{B66BF584-C1A3-4E14-8FDA-50C4D39B522C}"
EndProject
Global
	GlobalSection(SolutionConfigurationPlatforms) = preSolution
		Debug|Any CPU = Debug|Any CPU
		Release|Any CPU = Release|Any CPU
	EndGlobalSection
	GlobalSection(ProjectConfigurationPlatforms) = postSolution
		{B66BF584-C1A3-4E14-8FDA-50C4D39B522C}.Debug|Any CPU.ActiveCfg = Debug|Any CPU
		{B66BF584-C1A3-4E14-8FDA-50C4D39B522C}.Debug|Any CPU.Build.0 = Debug|Any CPU
		{B66BF584-C1A3-4E14-8FDA-50C4D39B522C}.Release|Any CPU.ActiveCfg = Release|Any CPU
		{B66BF584-C1A3-4E14-8FDA-50C4D39B522C}.Release|Any CPU.Build.0 = Release|Any CPU
	EndGlobalSection
	GlobalSection(SolutionProperties) = preSolution
		HideSolutionNode = FALSE
	EndGlobalSection
	GlobalSection(ExtensibilityGlobals) = postSolution
		SolutionGuid = {908538B6-BEAA-4E02-8C3F-BD6AF78BDBB2}
	EndGlobalSection
EndGlobal
